
Microsoft Visual Studio Solution File, Format Version 12.00
# Visual Studio 14
VisualStudioVersion = 14.0.25420.1
MinimumVisualStudioVersion = 10.0.40219.1
Project("{FAE04EC0-301F-11D3-BF4B-00C04F79EFBC}") = "Pdc.System", "Pdc.System.csproj", "{9B6EE8FF-C003-41D2-9C9A-764DA9D6E023}"
EndProject
Project("{FAE04EC0-301F-11D3-BF4B-00C04F79EFBC}") = "Pdc.Net", "..\Pdc.Net\Pdc.Net.csproj", "{F5737091-9123-406A-89A8-36979FFFFB1B}"
EndProject
Global
	GlobalSection(SolutionConfigurationPlatforms) = preSolution
		Debug|Any CPU = Debug|Any CPU
		Release|Any CPU = Release|Any CPU
	EndGlobalSection
	GlobalSection(ProjectConfigurationPlatforms) = postSolution
		{9B6EE8FF-C003-41D2-9C9A-764DA9D6E023}.Debug|Any CPU.ActiveCfg = Debug|Any CPU
		{9B6EE8FF-C003-41D2-9C9A-764DA9D6E023}.Debug|Any CPU.Build.0 = Debug|Any CPU
		{9B6EE8FF-C003-41D2-9C9A-764DA9D6E023}.Release|Any CPU.ActiveCfg = Release|Any CPU
		{9B6EE8FF-C003-41D2-9C9A-764DA9D6E023}.Release|Any CPU.Build.0 = Release|Any CPU
		{F5737091-9123-406A-89A8-36979FFFFB1B}.Debug|Any CPU.ActiveCfg = Debug|Any CPU
		{F5737091-9123-406A-89A8-36979FFFFB1B}.Debug|Any CPU.Build.0 = Debug|Any CPU
		{F5737091-9123-406A-89A8-36979FFFFB1B}.Release|Any CPU.ActiveCfg = Release|Any CPU
		{F5737091-9123-406A-89A8-36979FFFFB1B}.Release|Any CPU.Build.0 = Release|Any CPU
	EndGlobalSection
	GlobalSection(SolutionProperties) = preSolution
		HideSolutionNode = FALSE
	EndGlobalSection
EndGlobal
